{
  "version": 4,
  "terraform_version": "0.15.5",
  "serial": 27,
  "lineage": "3401d00e-49a7-a67c-906c-db1f9f708945",
  "outputs": {
    "testcluster_data": {
      "value": {
        "agent_url": "https://api.staging.cloudcasa.io/kubeclusteragents/9BzVhsVmM5sPvbn98F15-38eg92Pbm4xdhhzN766krE=.yaml",
        "auto_install": true,
        "cc_user_email": "jgarner@catalogicsoftware.com",
        "created": "Thu, 09 Mar 2023 21:15:37 GMT",
        "etag": "3cabc573b195ca56e891a6b54e8d173631fc853b",
        "id": "640a4c7933c355a6ec8ab5e1",
        "last_updated": "Thursday, 09-Mar-23 16:16:20 EST",
        "links": null,
        "name": "test_terraform_cluster",
        "org_id": "",
        "status": null,
        "updated": "Thu, 09 Mar 2023 21:15:37 GMT"
      },
      "type": [
        "object",
        {
          "agent_url": "string",
          "auto_install": "bool",
          "cc_user_email": "string",
          "created": "string",
          "etag": "string",
          "id": "string",
          "last_updated": "string",
          "links": [
            "map",
            "string"
          ],
          "name": "string",
          "org_id": "string",
          "status": [
            "map",
            "string"
          ],
          "updated": "string"
        }
      ]
    }
  },
  "resources": [
    {
      "mode": "managed",
      "type": "cloudcasa_kubecluster",
      "name": "testcluster",
      "provider": "provider[\"cloudcasa.io/cloudcasa/cloudcasa\"]",
      "instances": [
        {
          "schema_version": 0,
          "attributes": {
            "agent_url": "https://api.staging.cloudcasa.io/kubeclusteragents/9BzVhsVmM5sPvbn98F15-38eg92Pbm4xdhhzN766krE=.yaml",
            "auto_install": true,
            "cc_user_email": "jgarner@catalogicsoftware.com",
            "created": "Thu, 09 Mar 2023 21:15:37 GMT",
            "etag": "3cabc573b195ca56e891a6b54e8d173631fc853b",
            "id": "640a4c7933c355a6ec8ab5e1",
            "last_updated": "Thursday, 09-Mar-23 16:16:20 EST",
            "links": null,
            "name": "test_terraform_cluster",
            "org_id": "",
            "status": null,
            "updated": "Thu, 09 Mar 2023 21:15:37 GMT"
          },
          "sensitive_attributes": []
        }
      ]
    }
  ]
}
