{
  "version": 4,
  "terraform_version": "0.15.5",
  "serial": 14,
  "lineage": "3401d00e-49a7-a67c-906c-db1f9f708945",
  "outputs": {
    "testcluster_data": {
      "value": {
        "agent_url": "https://api.staging.cloudcasa.io/kubeclusteragents/QQLwiQqq8NNKdUiy2tZycThTj_K4k2gvoWbOkLPiyUA=.yaml",
        "auto_install": true,
        "cc_user_email": "jgarner@catalogicsoftware.com",
        "created": "Wed, 08 Mar 2023 20:25:10 GMT",
        "etag": "94399e7dff1a48dd503caf8b876b3c148f7dedc2",
        "id": "6408ef26dced672f866a02e1",
        "links": null,
        "name": "test_terraform_cluster",
        "org_id": "",
        "status": null,
        "updated": "Wed, 08 Mar 2023 20:25:10 GMT"
      },
      "type": [
        "object",
        {
          "agent_url": "string",
          "auto_install": "bool",
          "cc_user_email": "string",
          "created": "string",
          "etag": "string",
          "id": "string",
          "links": [
            "map",
            "string"
          ],
          "name": "string",
          "org_id": "string",
          "status": [
            "map",
            "string"
          ],
          "updated": "string"
        }
      ]
    }
  },
  "resources": [
    {
      "mode": "managed",
      "type": "cloudcasa_kubecluster",
      "name": "testcluster",
      "provider": "provider[\"cloudcasa.io/cloudcasa/cloudcasa\"]",
      "instances": [
        {
          "schema_version": 0,
          "attributes": {
            "agent_url": "https://api.staging.cloudcasa.io/kubeclusteragents/QQLwiQqq8NNKdUiy2tZycThTj_K4k2gvoWbOkLPiyUA=.yaml",
            "auto_install": true,
            "cc_user_email": "jgarner@catalogicsoftware.com",
            "created": "Wed, 08 Mar 2023 20:25:10 GMT",
            "etag": "94399e7dff1a48dd503caf8b876b3c148f7dedc2",
            "id": "6408ef26dced672f866a02e1",
            "links": null,
            "name": "test_terraform_cluster",
            "org_id": "",
            "status": null,
            "updated": "Wed, 08 Mar 2023 20:25:10 GMT"
          },
          "sensitive_attributes": []
        }
      ]
    }
  ]
}
