{
  "version": 4,
  "terraform_version": "0.15.5",
  "serial": 11,
  "lineage": "3401d00e-49a7-a67c-906c-db1f9f708945",
  "outputs": {
    "testcluster_data": {
      "value": {
        "agent_url": null,
        "auto_install": false,
        "cc_user_email": "jgarner@catalogicsoftware.com",
        "created": "Wed, 08 Mar 2023 20:24:09 GMT",
        "etag": "c756b9922f217a0b074a7c5db5fa6261edbf2418",
        "id": "6408eee94f1e2d18bf3ac3bb",
        "links": null,
        "name": "test_terraform_cluster",
        "org_id": "",
        "status": null,
        "updated": "Wed, 08 Mar 2023 20:24:09 GMT"
      },
      "type": [
        "object",
        {
          "agent_url": "string",
          "auto_install": "bool",
          "cc_user_email": "string",
          "created": "string",
          "etag": "string",
          "id": "string",
          "links": [
            "map",
            "string"
          ],
          "name": "string",
          "org_id": "string",
          "status": [
            "map",
            "string"
          ],
          "updated": "string"
        }
      ]
    }
  },
  "resources": [
    {
      "mode": "managed",
      "type": "cloudcasa_kubecluster",
      "name": "testcluster",
      "provider": "provider[\"cloudcasa.io/cloudcasa/cloudcasa\"]",
      "instances": [
        {
          "schema_version": 0,
          "attributes": {
            "agent_url": null,
            "auto_install": false,
            "cc_user_email": "jgarner@catalogicsoftware.com",
            "created": "Wed, 08 Mar 2023 20:24:09 GMT",
            "etag": "c756b9922f217a0b074a7c5db5fa6261edbf2418",
            "id": "6408eee94f1e2d18bf3ac3bb",
            "links": null,
            "name": "test_terraform_cluster",
            "org_id": "",
            "status": null,
            "updated": "Wed, 08 Mar 2023 20:24:09 GMT"
          },
          "sensitive_attributes": []
        }
      ]
    }
  ]
}
