{
  "version": 4,
  "terraform_version": "1.2.7",
  "serial": 5,
  "lineage": "278762dd-eb8b-3c00-fadc-ad0e9315da3e",
  "outputs": {
    "kc1_data": {
      "value": {
        "cc_user_email": null,
        "created": null,
        "etag": null,
        "id": "633b1e23f68a9f60b31c9bbe",
        "links": null,
        "name": "test_terraform_cluster",
        "org_id": null,
        "status": null,
        "updated": null
      },
      "type": [
        "object",
        {
          "cc_user_email": "string",
          "created": "string",
          "etag": "string",
          "id": "string",
          "links": [
            "map",
            [
              "map",
              "string"
            ]
          ],
          "name": "string",
          "org_id": "string",
          "status": [
            "map",
            "string"
          ],
          "updated": "string"
        }
      ]
    }
  },
  "resources": [
    {
      "mode": "managed",
      "type": "cloudcasa_kubecluster",
      "name": "kc1",
      "provider": "provider[\"cloudcasa.io/cloudcasa/cloudcasa\"]",
      "instances": [
        {
          "schema_version": 0,
          "attributes": {
            "cc_user_email": null,
            "created": null,
            "etag": null,
            "id": "633b1e23f68a9f60b31c9bbe",
            "links": null,
            "name": "test_terraform_cluster",
            "org_id": null,
            "status": null,
            "updated": null
          },
          "sensitive_attributes": [],
          "private": "bnVsbA=="
        }
      ]
    }
  ]
}
